
Microsoft Visual Studio Solution File, Format Version 12.00
# Visual Studio Version 17
VisualStudioVersion = 17.11.35312.102
MinimumVisualStudioVersion = 10.0.40219.1
Project("{FAE04EC0-301F-11D3-BF4B-00C04F79EFBC}") = "HostingApplication", "Create a WPF\HostingApplication.csproj", "{CE88AD94-DF5E-4B33-A5DC-93DC6A58359D}"
EndProject
Global
	GlobalSection(SolutionConfigurationPlatforms) = preSolution
		Debug|Any CPU = Debug|Any CPU
		Release|Any CPU = Release|Any CPU
	EndGlobalSection
	GlobalSection(ProjectConfigurationPlatforms) = postSolution
		{CE88AD94-DF5E-4B33-A5DC-93DC6A58359D}.Debug|Any CPU.ActiveCfg = Debug|Any CPU
		{CE88AD94-DF5E-4B33-A5DC-93DC6A58359D}.Debug|Any CPU.Build.0 = Debug|Any CPU
		{CE88AD94-DF5E-4B33-A5DC-93DC6A58359D}.Release|Any CPU.ActiveCfg = Release|Any CPU
		{CE88AD94-DF5E-4B33-A5DC-93DC6A58359D}.Release|Any CPU.Build.0 = Release|Any CPU
	EndGlobalSection
	GlobalSection(SolutionProperties) = preSolution
		HideSolutionNode = FALSE
	EndGlobalSection
	GlobalSection(ExtensibilityGlobals) = postSolution
		SolutionGuid = {3E0A2B7D-5D71-411A-A31D-70BD0ABFD5AE}
	EndGlobalSection
EndGlobal
